patch_scenes:
  cmd: python src/preparedata/extract_patches.py data/raw_data/wildfires-ground-truth/portugal/AArdida2016_ETRS89PTTM06_20190813.shp
    data/processed_data/extracted DHFim data/processed_data/scenes -s 29/S/MC -s 29/S/MD
    -s 29/S/NB -s 29/S/NC -s 29/S/ND -s 29/S/PB -s 29/S/PC -s 29/S/PD -s 29/T/ME -s
    29/T/NE -s 29/T/NF -s 29/T/NG -s 29/T/PE -s 29/T/PF
  deps:
  - path: data/processed_data/scenes/29/S/MC
    md5: 60c2a02a95e18fb060b889f1a06e203d.dir
  - path: data/processed_data/scenes/29/S/MD
    md5: 6382618d7549588f74c3b62ca5b61719.dir
  - path: data/processed_data/scenes/29/S/NB
    md5: c0f783cacbca0d3e82dd2efc75f93ed7.dir
  - path: data/processed_data/scenes/29/S/NC
    md5: d0f7925601da8969238d4829021505ed.dir
  - path: data/processed_data/scenes/29/S/ND
    md5: 4f60a627fcb7bd2f3a85374457ea042f.dir
  - path: data/processed_data/scenes/29/S/PB
    md5: 0fdb2bb714b379d9cc485384ad7ad2a3.dir
  - path: data/processed_data/scenes/29/S/PC
    md5: 9ab7a1b32add7657e080ae17c0b2c1b5.dir
  - path: data/processed_data/scenes/29/S/PD
    md5: 090e36bab0a1e122ed998e8be4f8c5a2.dir
  - path: data/processed_data/scenes/29/T/ME
    md5: 7681b57d4251bb4979c9aa899e079cc3.dir
  - path: data/processed_data/scenes/29/T/NE
    md5: a50c17bb1989c22e1a866a72c80b9f59.dir
  - path: data/processed_data/scenes/29/T/NF
    md5: f3a23dab777730a2f91faed32c949ed8.dir
  - path: data/processed_data/scenes/29/T/NG
    md5: 0e1120ba2bce3619ce5df017aeb87c5f.dir
  - path: data/processed_data/scenes/29/T/PE
    md5: b4469177df231465b8ec63f800b17efb.dir
  - path: data/processed_data/scenes/29/T/PF
    md5: bd457339a9db42026aa96e6ab4c23ce7.dir
  - path: data/raw_data/wildfires-ground-truth/portugal/AArdida2016_ETRS89PTTM06_20190813.shp
    md5: a50b269c7ecb78b45f614451e93b17fc
  - path: src/preparedata/extract_patches.py
    md5: c2851b6e07d55e5aa5d0d56598257faa
  - path: src/preparedata/patching.py
    md5: c919ca992607248e931d68c51ef48ec3
  - path: src/preparedata/patchutils
    md5: 99b226af70883cccba8a867196c666e7.dir
  outs:
  - path: data/processed_data/extracted/
    md5: 8ad8f1dac3b865c4ae61cfd226950f92.dir
merge_bands:
  cmd: python src/preparedata/merge_bands.py data/raw_data/tiles -s 29/S/MC -s 29/S/MD
    -s 29/S/NB -s 29/S/NC -s 29/S/ND -s 29/S/PB -s 29/S/PC -s 29/S/PD -s 29/T/ME -s
    29/T/NE -s 29/T/NF -s 29/T/NG -s 29/T/PE -s 29/T/PF data/processed_data/scenes
  deps:
  - path: src/preparedata/merge_bands.py
    md5: ee965842e7215513eda83d920ab1e5cc
  outs:
  - path: data/processed_data/scenes/29/S/MC
    md5: 60c2a02a95e18fb060b889f1a06e203d.dir
  - path: data/processed_data/scenes/29/S/MD
    md5: 6382618d7549588f74c3b62ca5b61719.dir
  - path: data/processed_data/scenes/29/S/NB
    md5: c0f783cacbca0d3e82dd2efc75f93ed7.dir
  - path: data/processed_data/scenes/29/S/NC
    md5: d0f7925601da8969238d4829021505ed.dir
  - path: data/processed_data/scenes/29/S/ND
    md5: 4f60a627fcb7bd2f3a85374457ea042f.dir
  - path: data/processed_data/scenes/29/S/PB
    md5: 0fdb2bb714b379d9cc485384ad7ad2a3.dir
  - path: data/processed_data/scenes/29/S/PC
    md5: 9ab7a1b32add7657e080ae17c0b2c1b5.dir
  - path: data/processed_data/scenes/29/S/PD
    md5: 090e36bab0a1e122ed998e8be4f8c5a2.dir
  - path: data/processed_data/scenes/29/T/ME
    md5: 7681b57d4251bb4979c9aa899e079cc3.dir
  - path: data/processed_data/scenes/29/T/NE
    md5: a50c17bb1989c22e1a866a72c80b9f59.dir
  - path: data/processed_data/scenes/29/T/NF
    md5: f3a23dab777730a2f91faed32c949ed8.dir
  - path: data/processed_data/scenes/29/T/NG
    md5: 0e1120ba2bce3619ce5df017aeb87c5f.dir
  - path: data/processed_data/scenes/29/T/PE
    md5: b4469177df231465b8ec63f800b17efb.dir
  - path: data/processed_data/scenes/29/T/PF
    md5: bd457339a9db42026aa96e6ab4c23ce7.dir
sort_patches:
  cmd: python src/preparedata/sort_patches.py data/processed_data/training_patches
    data/processed_data/extracted/patches data/processed_data/extracted/annotations
  deps:
  - path: data/processed_data/extracted/
    md5: 8ad8f1dac3b865c4ae61cfd226950f92.dir
  - path: src/preparedata/sort_patches.py
    md5: 22be29347a2b20e125d221396fc11979
  outs:
  - path: data/processed_data/training_patches/annotations/
    md5: 8cb7604bed60b293270a62cbc8b9b252.dir
  - path: data/processed_data/training_patches/patches/
    md5: ca191db6db3b30733d6b9e1e54baabf6.dir
split_data:
  cmd: python src/preparedata/split.py --root=data/processed_data/training_patches/
  deps:
  - path: data/processed_data/training_patches/annotations/
    md5: 8cb7604bed60b293270a62cbc8b9b252.dir
  - path: data/processed_data/training_patches/patches/
    md5: ca191db6db3b30733d6b9e1e54baabf6.dir
  - path: src/preparedata/split.py
    md5: 38acb2d625cb0b263361a05d1280bbc6
  outs:
  - path: data/processed_data/training_patches/training_indices.json
    md5: b54eb405a87d4e0f1b50dd026ea16187
resnetunet:
  cmd: python run_training.py --seed=11 --gpu=1 --save-images=1 --baseline=1 --model-name=resnetunet
    --group=resnetunet_final --save-path=data/burned_area_detection_final/
  deps:
  - path: data/burned_area_detection_final/training_patches/annotations/
    md5: 8cb7604bed60b293270a62cbc8b9b252.dir
  - path: data/burned_area_detection_final/training_patches/patches/
    md5: ca191db6db3b30733d6b9e1e54baabf6.dir
  - path: data/burned_area_detection_final/training_patches/training_indices.json
    md5: b54eb405a87d4e0f1b50dd026ea16187
  - path: run_training.py
    md5: 7d4dfdc1e79a82fcd1e55f15dffb2349
  - path: segmentation/data/
    md5: c26b71eaf11b1b4528c6e7e50c32aa6a.dir
  - path: segmentation/evaluation/
    md5: 4bfdf0ca2682c82e4660365feac39974.dir
  - path: segmentation/models/resnetunet/
    md5: b60bbdad6ad8475b901102e82519fa9f.dir
  - path: segmentation/networks/resnetunet/
    md5: 7c056bdb576c802ad754b18350bfc9e4.dir
