patch_scenes:
  cmd: python preparedata/extract_patches.py /home/robert/ds-wildfire/raw_data/wildfires-ground-truth/portugal/AArdida2016_ETRS89PTTM06_20190813.shp
    /home/robert/ds-wildfire/data/post_fire_model_Scenario2b/extracted DHFim /home/robert/ds-wildfire/data/scenes
    -s 29/S/MC -s 29/S/MD -s 29/S/NB -s 29/S/NC -s 29/S/ND -s 29/S/PB -s 29/S/PC -s
    29/S/PD -s 29/T/ME -s 29/T/NE -s 29/T/NF -s 29/T/NG -s 29/T/PE -s 29/T/PF
  deps:
  - path: data/scenes/29/S/MC
    md5: 83364a00302f3d62751adeed7b679e0e.dir
  - path: data/scenes/29/S/MD
    md5: 88fa7eb14429f14fe776fb4e19a28883.dir
  - path: data/scenes/29/S/NB
    md5: ef4ed37515ea6ad3dd751cdce86d9bc1.dir
  - path: data/scenes/29/S/NC
    md5: 6bc244a2f4a1769cebcb1725b4420f36.dir
  - path: data/scenes/29/S/ND
    md5: 1f2381e47bb2b2a20f692522487ac4f3.dir
  - path: data/scenes/29/S/PB
    md5: d610aa3cfff9e8f3bb9910e7dd6db3e5.dir
  - path: data/scenes/29/S/PC
    md5: 417db348867a2209a937539fa6c75da2.dir
  - path: data/scenes/29/S/PD
    md5: d452dc02a938a43a7e9fa5239bd86a85.dir
  - path: data/scenes/29/T/ME
    md5: 0bd94a0b4754011135ea4088c22fe999.dir
  - path: data/scenes/29/T/NE
    md5: 7281ef04d072c22e07cd14dad7cb01f7.dir
  - path: data/scenes/29/T/NF
    md5: 20d12948b7acef69b5cba4a8f8ee0bd8.dir
  - path: data/scenes/29/T/NG
    md5: d6e6753bd167f9c543d7580f3756e963.dir
  - path: data/scenes/29/T/PE
    md5: c9fd76f834b877113827a70a9cd4f9cf.dir
  - path: data/scenes/29/T/PF
    md5: 53514f117f2eed1ad2ab27f7907f6f77.dir
  - path: preparedata/extract_patches.py
    md5: 2311c0870906ddccc0c165c6b6f239ba
  - path: preparedata/patching.py
    md5: c919ca992607248e931d68c51ef48ec3
  - path: preparedata/patchutils
    md5: 7f6af8d6144d71ae6aa6cce7890628fb.dir
  - path: raw_data/wildfires-ground-truth/portugal/AArdida2016_ETRS89PTTM06_20190813.shp
    md5: a50b269c7ecb78b45f614451e93b17fc
  outs:
  - path: data/post_fire_model_Scenario2b/extracted/
    md5: 8836297748dd8dde984d994360cf4d30.dir
merge_bands:
  cmd: python preparedata/merge_bands.py /home/robert/ds-wildfire/raw_data/s2_aws/tiles
    -s 29/S/MC -s 29/S/MD -s 29/S/NB -s 29/S/NC -s 29/S/ND -s 29/S/PB -s 29/S/PC -s
    29/S/PD -s 29/T/ME -s 29/T/NE -s 29/T/NF -s 29/T/NG -s 29/T/PE -s 29/T/PF /home/robert/ds-wildfire/data/scenes
  deps:
  - path: preparedata/merge_bands.py
    md5: 1d8e43ed3bd73b746b8c3e046ac5b7f1
  outs:
  - path: data/scenes/29/S/MC
    md5: 83364a00302f3d62751adeed7b679e0e.dir
  - path: data/scenes/29/S/MD
    md5: 88fa7eb14429f14fe776fb4e19a28883.dir
  - path: data/scenes/29/S/NB
    md5: ef4ed37515ea6ad3dd751cdce86d9bc1.dir
  - path: data/scenes/29/S/NC
    md5: 6bc244a2f4a1769cebcb1725b4420f36.dir
  - path: data/scenes/29/S/ND
    md5: 1f2381e47bb2b2a20f692522487ac4f3.dir
  - path: data/scenes/29/S/PB
    md5: d610aa3cfff9e8f3bb9910e7dd6db3e5.dir
  - path: data/scenes/29/S/PC
    md5: 417db348867a2209a937539fa6c75da2.dir
  - path: data/scenes/29/S/PD
    md5: d452dc02a938a43a7e9fa5239bd86a85.dir
  - path: data/scenes/29/T/ME
    md5: 0bd94a0b4754011135ea4088c22fe999.dir
  - path: data/scenes/29/T/NE
    md5: 7281ef04d072c22e07cd14dad7cb01f7.dir
  - path: data/scenes/29/T/NF
    md5: 20d12948b7acef69b5cba4a8f8ee0bd8.dir
  - path: data/scenes/29/T/NG
    md5: d6e6753bd167f9c543d7580f3756e963.dir
  - path: data/scenes/29/T/PE
    md5: c9fd76f834b877113827a70a9cd4f9cf.dir
  - path: data/scenes/29/T/PF
    md5: 53514f117f2eed1ad2ab27f7907f6f77.dir
sort_patches:
  cmd: python preparedata/sort_patches.py /home/robert/ds-wildfire/data/post_fire_model_Scenario2b/training_patches
    /home/robert/ds-wildfire/excluded.txt /home/robert/ds-wildfire/data/post_fire_model_Scenario2b/extracted/patches
    /home/robert/ds-wildfire/data/post_fire_model_Scenario2b/extracted/annotations
  deps:
  - path: data/post_fire_model_Scenario2b/extracted/
    md5: 8836297748dd8dde984d994360cf4d30.dir
  - path: preparedata/sort_patches.py
    md5: aa18994dad926cc0d5babc46f114a901
  outs:
  - path: data/post_fire_model_Scenario2b/training_patches/annotations/
    md5: 40322a0a14d461a168c641cf320f5cb2.dir
  - path: data/post_fire_model_Scenario2b/training_patches/patches/
    md5: a031daa7ea96056c0a39508599e1effe.dir
split_data:
  cmd: python preparedata/split.py --root=data/post_fire_model_Scenario2b/training_patches/
  deps:
  - path: data/post_fire_model_Scenario2b/training_patches/annotations/
    md5: 40322a0a14d461a168c641cf320f5cb2.dir
  - path: data/post_fire_model_Scenario2b/training_patches/patches/
    md5: a031daa7ea96056c0a39508599e1effe.dir
  - path: preparedata/split.py
    md5: 6dbefcf9f2dd8300cfa2e1f506e20209
  outs:
  - path: data/post_fire_model_Scenario2b/training_patches/training_indices.json
    md5: ba03b7e02e9945bcd4723829af0ff66c
resnetunet:
  cmd: python run_training.py --seed=11 --gpu=1 --save-images=1 --baseline=1 --model-name=resnetunet
    --group=resnetunet_Scenario2b_MetricExperiments --save-path=data/post_fire_model_Scenario2b/
  deps:
  - path: data/post_fire_model_Scenario2b/training_patches/annotations/
    md5: 40322a0a14d461a168c641cf320f5cb2.dir
  - path: data/post_fire_model_Scenario2b/training_patches/patches/
    md5: a031daa7ea96056c0a39508599e1effe.dir
  - path: data/post_fire_model_Scenario2b/training_patches/training_indices.json
    md5: ba03b7e02e9945bcd4723829af0ff66c
  - path: run_training.py
    md5: 7ab6a5d0117fe8b1092c7825b776c25b
  - path: segmentation/data/
    md5: a9ce5c993ab18f614c64de7af5a7464e.dir
  - path: segmentation/evaluation/
    md5: ddcf26959aee9675b5e989fe5b1fb435.dir
  - path: segmentation/models/resnetunet/
    md5: 5fa2dfa874d646af393b0e81df54c78d.dir
  - path: segmentation/networks/resnetunet/
    md5: 34aace89bb6eb4df000f4ac190a9d728.dir
